
Microsoft Visual Studio Solution File, Format Version 12.00
# Visual Studio Version 17
VisualStudioVersion = 17.4.33205.214
MinimumVisualStudioVersion = 10.0.40219.1
Project("{9A19103F-16F7-4668-BE54-9A1E7A4F7556}") = "SimpleMapperTest", "SimpleMapperTest\SimpleMapperTest.csproj", "{049F412C-8472-44B5-9FC4-5A428350DDDD}"
EndProject
Global
	GlobalSection(SolutionConfigurationPlatforms) = preSolution
		Debug|Any CPU = Debug|Any CPU
		Release|Any CPU = Release|Any CPU
	EndGlobalSection
	GlobalSection(ProjectConfigurationPlatforms) = postSolution
		{049F412C-8472-44B5-9FC4-5A428350DDDD}.Debug|Any CPU.ActiveCfg = Debug|Any CPU
		{049F412C-8472-44B5-9FC4-5A428350DDDD}.Debug|Any CPU.Build.0 = Debug|Any CPU
		{049F412C-8472-44B5-9FC4-5A428350DDDD}.Release|Any CPU.ActiveCfg = Release|Any CPU
		{049F412C-8472-44B5-9FC4-5A428350DDDD}.Release|Any CPU.Build.0 = Release|Any CPU
	EndGlobalSection
	GlobalSection(SolutionProperties) = preSolution
		HideSolutionNode = FALSE
	EndGlobalSection
	GlobalSection(ExtensibilityGlobals) = postSolution
		SolutionGuid = {84BDADEB-858A-421F-9E0F-A8E75E161B14}
	EndGlobalSection
EndGlobal
